
Microsoft Visual Studio Solution File, Format Version 12.00
# Visual Studio 15
VisualStudioVersion = 15.0.27130.2010
MinimumVisualStudioVersion = 10.0.40219.1
Project("{8BC9CEB8-8B4A-11D0-8D11-00A0C91BC942}") = "mergesort", "mergesort\mergesort.vcxproj", "{A4D83DEE-2C2D-44A1-B150-D0EAD7FD3106}"
EndProject
Project("{8BC9CEB8-8B4A-11D0-8D11-00A0C91BC942}") = "inversion_count", "inversion_count\inversion_count.vcxproj", "{CC8A2B35-16A1-4A4B-861D-282966CAE91D}"
EndProject
Project("{8BC9CEB8-8B4A-11D0-8D11-00A0C91BC942}") = "assignment_2", "assignment_2\assignment_2.vcxproj", "{24A73587-115F-4374-91B5-FB9C64795595}"
EndProject
Global
	GlobalSection(SolutionConfigurationPlatforms) = preSolution
		Debug|x64 = Debug|x64
		Debug|x86 = Debug|x86
		Release|x64 = Release|x64
		Release|x86 = Release|x86
	EndGlobalSection
	GlobalSection(ProjectConfigurationPlatforms) = postSolution
		{A4D83DEE-2C2D-44A1-B150-D0EAD7FD3106}.Debug|x64.ActiveCfg = Debug|x64
		{A4D83DEE-2C2D-44A1-B150-D0EAD7FD3106}.Debug|x64.Build.0 = Debug|x64
		{A4D83DEE-2C2D-44A1-B150-D0EAD7FD3106}.Debug|x86.ActiveCfg = Debug|Win32
		{A4D83DEE-2C2D-44A1-B150-D0EAD7FD3106}.Debug|x86.Build.0 = Debug|Win32
		{A4D83DEE-2C2D-44A1-B150-D0EAD7FD3106}.Release|x64.ActiveCfg = Release|x64
		{A4D83DEE-2C2D-44A1-B150-D0EAD7FD3106}.Release|x64.Build.0 = Release|x64
		{A4D83DEE-2C2D-44A1-B150-D0EAD7FD3106}.Release|x86.ActiveCfg = Release|Win32
		{A4D83DEE-2C2D-44A1-B150-D0EAD7FD3106}.Release|x86.Build.0 = Release|Win32
		{CC8A2B35-16A1-4A4B-861D-282966CAE91D}.Debug|x64.ActiveCfg = Debug|x64
		{CC8A2B35-16A1-4A4B-861D-282966CAE91D}.Debug|x64.Build.0 = Debug|x64
		{CC8A2B35-16A1-4A4B-861D-282966CAE91D}.Debug|x86.ActiveCfg = Debug|Win32
		{CC8A2B35-16A1-4A4B-861D-282966CAE91D}.Debug|x86.Build.0 = Debug|Win32
		{CC8A2B35-16A1-4A4B-861D-282966CAE91D}.Release|x64.ActiveCfg = Release|x64
		{CC8A2B35-16A1-4A4B-861D-282966CAE91D}.Release|x64.Build.0 = Release|x64
		{CC8A2B35-16A1-4A4B-861D-282966CAE91D}.Release|x86.ActiveCfg = Release|Win32
		{CC8A2B35-16A1-4A4B-861D-282966CAE91D}.Release|x86.Build.0 = Release|Win32
		{24A73587-115F-4374-91B5-FB9C64795595}.Debug|x64.ActiveCfg = Debug|x64
		{24A73587-115F-4374-91B5-FB9C64795595}.Debug|x64.Build.0 = Debug|x64
		{24A73587-115F-4374-91B5-FB9C64795595}.Debug|x86.ActiveCfg = Debug|Win32
		{24A73587-115F-4374-91B5-FB9C64795595}.Debug|x86.Build.0 = Debug|Win32
		{24A73587-115F-4374-91B5-FB9C64795595}.Release|x64.ActiveCfg = Release|x64
		{24A73587-115F-4374-91B5-FB9C64795595}.Release|x64.Build.0 = Release|x64
		{24A73587-115F-4374-91B5-FB9C64795595}.Release|x86.ActiveCfg = Release|Win32
		{24A73587-115F-4374-91B5-FB9C64795595}.Release|x86.Build.0 = Release|Win32
	EndGlobalSection
	GlobalSection(SolutionProperties) = preSolution
		HideSolutionNode = FALSE
	EndGlobalSection
	GlobalSection(ExtensibilityGlobals) = postSolution
		SolutionGuid = {D722F1C1-FAB3-45AE-B0F1-88773BC840DF}
	EndGlobalSection
EndGlobal
